
Microsoft Visual Studio Solution File, Format Version 12.00
# Visual Studio Version 16
VisualStudioVersion = 16.0.30503.244
MinimumVisualStudioVersion = 10.0.40219.1
Project("{FAE04EC0-301F-11D3-BF4B-00C04F79EFBC}") = "gen", "gen\gen.csproj", "{6034E58B-953F-4F6A-8553-A77F0D217AEA}"
EndProject
Global
	GlobalSection(SolutionConfigurationPlatforms) = preSolution
		Debug|Any CPU = Debug|Any CPU
		Release|Any CPU = Release|Any CPU
	EndGlobalSection
	GlobalSection(ProjectConfigurationPlatforms) = postSolution
		{6034E58B-953F-4F6A-8553-A77F0D217AEA}.Debug|Any CPU.ActiveCfg = Debug|Any CPU
		{6034E58B-953F-4F6A-8553-A77F0D217AEA}.Debug|Any CPU.Build.0 = Debug|Any CPU
		{6034E58B-953F-4F6A-8553-A77F0D217AEA}.Release|Any CPU.ActiveCfg = Release|Any CPU
		{6034E58B-953F-4F6A-8553-A77F0D217AEA}.Release|Any CPU.Build.0 = Release|Any CPU
	EndGlobalSection
	GlobalSection(SolutionProperties) = preSolution
		HideSolutionNode = FALSE
	EndGlobalSection
	GlobalSection(ExtensibilityGlobals) = postSolution
		SolutionGuid = {5C7B2788-E5E5-46A9-BDF1-824E2F7370F4}
	EndGlobalSection
EndGlobal
